
Microsoft Visual Studio Solution File, Format Version 12.00
# Visual Studio Version 17
VisualStudioVersion = 17.10.35027.167
MinimumVisualStudioVersion = 10.0.40219.1
Project("{9A19103F-16F7-4668-BE54-9A1E7A4F7556}") = "Cyaim.WebSocketServer", "Cyaim.WebSocketServer\Cyaim.WebSocketServer.csproj", "{F1683A2D-FA48-4F06-B99D-AD9548EF060D}"
EndProject
Project("{9A19103F-16F7-4668-BE54-9A1E7A4F7556}") = "Cyaim.WebSocketServer.Example", "Cyaim.WebSocketServer.Example\Cyaim.WebSocketServer.Example.csproj", "{1EB72404-C74B-4F15-8CBA-01FCC778FA2B}"
EndProject
Project("{9A19103F-16F7-4668-BE54-9A1E7A4F7556}") = "Cyaim.WebSocketServer.DebugUI", "Cyaim.WebSocketServer.DebugUI\Cyaim.WebSocketServer.DebugUI.csproj", "{2C6A540C-E565-437F-8EF8-F5491CB34677}"
EndProject
Project("{9A19103F-16F7-4668-BE54-9A1E7A4F7556}") = "TestAOT", "TestAOT\TestAOT.csproj", "{9866B605-224B-4D0B-9199-1303E5D8ED93}"
EndProject
Project("{FAE04EC0-301F-11D3-BF4B-00C04F79EFBC}") = "Cyaim.WebSocketServer.Example.Wpf", "Cyaim.WebSocketServer.Example.Wpf\Cyaim.WebSocketServer.Example.Wpf.csproj", "{CEB68441-FAF4-48F1-99AF-CBA188FB26BF}"
EndProject
Global
	GlobalSection(SolutionConfigurationPlatforms) = preSolution
		Debug|Any CPU = Debug|Any CPU
		Release|Any CPU = Release|Any CPU
	EndGlobalSection
	GlobalSection(ProjectConfigurationPlatforms) = postSolution
		{F1683A2D-FA48-4F06-B99D-AD9548EF060D}.Debug|Any CPU.ActiveCfg = Debug|Any CPU
		{F1683A2D-FA48-4F06-B99D-AD9548EF060D}.Debug|Any CPU.Build.0 = Debug|Any CPU
		{F1683A2D-FA48-4F06-B99D-AD9548EF060D}.Release|Any CPU.ActiveCfg = Release|Any CPU
		{F1683A2D-FA48-4F06-B99D-AD9548EF060D}.Release|Any CPU.Build.0 = Release|Any CPU
		{1EB72404-C74B-4F15-8CBA-01FCC778FA2B}.Debug|Any CPU.ActiveCfg = Debug|Any CPU
		{1EB72404-C74B-4F15-8CBA-01FCC778FA2B}.Debug|Any CPU.Build.0 = Debug|Any CPU
		{1EB72404-C74B-4F15-8CBA-01FCC778FA2B}.Release|Any CPU.ActiveCfg = Release|Any CPU
		{1EB72404-C74B-4F15-8CBA-01FCC778FA2B}.Release|Any CPU.Build.0 = Release|Any CPU
		{2C6A540C-E565-437F-8EF8-F5491CB34677}.Debug|Any CPU.ActiveCfg = Debug|Any CPU
		{2C6A540C-E565-437F-8EF8-F5491CB34677}.Debug|Any CPU.Build.0 = Debug|Any CPU
		{2C6A540C-E565-437F-8EF8-F5491CB34677}.Release|Any CPU.ActiveCfg = Release|Any CPU
		{2C6A540C-E565-437F-8EF8-F5491CB34677}.Release|Any CPU.Build.0 = Release|Any CPU
		{9866B605-224B-4D0B-9199-1303E5D8ED93}.Debug|Any CPU.ActiveCfg = Debug|Any CPU
		{9866B605-224B-4D0B-9199-1303E5D8ED93}.Debug|Any CPU.Build.0 = Debug|Any CPU
		{9866B605-224B-4D0B-9199-1303E5D8ED93}.Release|Any CPU.ActiveCfg = Release|Any CPU
		{9866B605-224B-4D0B-9199-1303E5D8ED93}.Release|Any CPU.Build.0 = Release|Any CPU
		{CEB68441-FAF4-48F1-99AF-CBA188FB26BF}.Debug|Any CPU.ActiveCfg = Debug|Any CPU
		{CEB68441-FAF4-48F1-99AF-CBA188FB26BF}.Debug|Any CPU.Build.0 = Debug|Any CPU
		{CEB68441-FAF4-48F1-99AF-CBA188FB26BF}.Release|Any CPU.ActiveCfg = Release|Any CPU
		{CEB68441-FAF4-48F1-99AF-CBA188FB26BF}.Release|Any CPU.Build.0 = Release|Any CPU
	EndGlobalSection
	GlobalSection(SolutionProperties) = preSolution
		HideSolutionNode = FALSE
	EndGlobalSection
	GlobalSection(ExtensibilityGlobals) = postSolution
		SolutionGuid = {5078C553-A1C2-42BD-9F21-BCDE0A70B225}
	EndGlobalSection
EndGlobal
