
Microsoft Visual Studio Solution File, Format Version 12.00
# Visual Studio Version 18
VisualStudioVersion = 18.0.11217.181
MinimumVisualStudioVersion = 10.0.40219.1
Project("{9A19103F-16F7-4668-BE54-9A1E7A4F7556}") = "Cyaim.WebSocketServer", "Cyaim.WebSocketServer\Cyaim.WebSocketServer.csproj", "{F1683A2D-FA48-4F06-B99D-AD9548EF060D}"
EndProject
Project("{2150E333-8FDC-42A3-9474-1A3956D46DE8}") = "Dashboard", "Dashboard", "{8AB54424-C8DA-4B64-B84C-8E696D7939C7}"
EndProject
Project("{FAE04EC0-301F-11D3-BF4B-00C04F79EFBC}") = "Cyaim.WebSocketServer.Dashboard", "Dashboard\Cyaim.WebSocketServer.Dashboard\Cyaim.WebSocketServer.Dashboard.csproj", "{26B4308D-3AC5-DB9D-4FCC-08761FD9E25D}"
EndProject
Project("{2150E333-8FDC-42A3-9474-1A3956D46DE8}") = "Sample", "Sample", "{B0CA25E1-04AB-4C66-93B8-21DDF6CC996F}"
EndProject
Project("{FAE04EC0-301F-11D3-BF4B-00C04F79EFBC}") = "Cyaim.WebSocketServer.Example.Wpf", "Sample\Cyaim.WebSocketServer.Example.Wpf\Cyaim.WebSocketServer.Example.Wpf.csproj", "{1E66F9B8-2F53-49AC-FDE8-159A5AF78846}"
EndProject
Project("{FAE04EC0-301F-11D3-BF4B-00C04F79EFBC}") = "Cyaim.WebSocketServer.Sample.Dashboard", "Sample\Cyaim.WebSocketServer.Sample.Dashboard\Cyaim.WebSocketServer.Sample.Dashboard.csproj", "{EA37AAED-D05E-A539-F096-B6520032CFD7}"
EndProject
Project("{FAE04EC0-301F-11D3-BF4B-00C04F79EFBC}") = "Cyaim.WebSocketServer.Sample.AccessControl", "Sample\Cyaim.WebSocketServer.Sample.AccessControl\Cyaim.WebSocketServer.Sample.AccessControl.csproj", "{F9C82F6A-8725-6A10-C3AF-73406DCD1A61}"
EndProject
Project("{2150E333-8FDC-42A3-9474-1A3956D46DE8}") = "Cluster", "Cluster", "{D788FF84-82DF-4509-B556-46D803D8D854}"
EndProject
Project("{FAE04EC0-301F-11D3-BF4B-00C04F79EFBC}") = "Cyaim.WebSocketServer.Cluster.FreeRedis", "Cluster\Cyaim.WebSocketServer.Cluster.FreeRedis\Cyaim.WebSocketServer.Cluster.FreeRedis.csproj", "{4D671E6F-6506-E8CF-CBA6-5911C5CD9F13}"
EndProject
Project("{FAE04EC0-301F-11D3-BF4B-00C04F79EFBC}") = "Cyaim.WebSocketServer.Cluster.Hybrid", "Cluster\Cyaim.WebSocketServer.Cluster.Hybrid\Cyaim.WebSocketServer.Cluster.Hybrid.csproj", "{D76B3773-11D5-29DF-EBD7-99D84BB3C80C}"
EndProject
Project("{FAE04EC0-301F-11D3-BF4B-00C04F79EFBC}") = "Cyaim.WebSocketServer.Cluster.Hybrid.Implementations", "Cluster\Cyaim.WebSocketServer.Cluster.Hybrid.Implementations\Cyaim.WebSocketServer.Cluster.Hybrid.Implementations.csproj", "{F456A37A-FB18-33FB-40FC-C92D045BC1E7}"
EndProject
Project("{FAE04EC0-301F-11D3-BF4B-00C04F79EFBC}") = "Cyaim.WebSocketServer.Cluster.RabbitMQ", "Cluster\Cyaim.WebSocketServer.Cluster.RabbitMQ\Cyaim.WebSocketServer.Cluster.RabbitMQ.csproj", "{BB22B7F8-F048-329D-E4E2-1A84DA3DFB87}"
EndProject
Project("{FAE04EC0-301F-11D3-BF4B-00C04F79EFBC}") = "Cyaim.WebSocketServer.Cluster.StackExchangeRedis", "Cluster\Cyaim.WebSocketServer.Cluster.StackExchangeRedis\Cyaim.WebSocketServer.Cluster.StackExchangeRedis.csproj", "{D342ADD5-87D9-EDE5-BA69-BFD1288A44AE}"
EndProject
Project("{2150E333-8FDC-42A3-9474-1A3956D46DE8}") = "Clients", "Clients", "{57A6F6E6-F2AF-4FB1-95A0-B2535480947B}"
EndProject
Project("{FAE04EC0-301F-11D3-BF4B-00C04F79EFBC}") = "Cyaim.WebSocketServer.Client", "Clients\Cyaim.WebSocketServer.Client\Cyaim.WebSocketServer.Client.csproj", "{A7806838-171C-4A21-19DD-FF4881BDA87A}"
EndProject
Project("{FAE04EC0-301F-11D3-BF4B-00C04F79EFBC}") = "Cyaim.WebSocketServer.SourceGenerator", "Cyaim.WebSocketServer.SourceGenerator\Cyaim.WebSocketServer.SourceGenerator.csproj", "{16DB79F7-D876-3AC6-644B-7F2A53EA72E1}"
EndProject
Project("{FAE04EC0-301F-11D3-BF4B-00C04F79EFBC}") = "Cyaim.WebSocketServer.Tests.Injector", "Tests\Cyaim.WebSocketServer.Tests.Injector\Cyaim.WebSocketServer.Tests.Injector.csproj", "{D6FABA52-2524-2BA9-62DC-C53CF5F70ACA}"
EndProject
Project("{2150E333-8FDC-42A3-9474-1A3956D46DE8}") = "Tests", "Tests", "{81668B5E-0334-4CFF-AEA3-60E037A1008D}"
EndProject
Global
	GlobalSection(SolutionConfigurationPlatforms) = preSolution
		Debug|Any CPU = Debug|Any CPU
		Debug|x64 = Debug|x64
		Debug|x86 = Debug|x86
		Release|Any CPU = Release|Any CPU
		Release|x64 = Release|x64
		Release|x86 = Release|x86
	EndGlobalSection
	GlobalSection(ProjectConfigurationPlatforms) = postSolution
		{F1683A2D-FA48-4F06-B99D-AD9548EF060D}.Debug|Any CPU.ActiveCfg = Debug|Any CPU
		{F1683A2D-FA48-4F06-B99D-AD9548EF060D}.Debug|Any CPU.Build.0 = Debug|Any CPU
		{F1683A2D-FA48-4F06-B99D-AD9548EF060D}.Debug|x64.ActiveCfg = Debug|Any CPU
		{F1683A2D-FA48-4F06-B99D-AD9548EF060D}.Debug|x64.Build.0 = Debug|Any CPU
		{F1683A2D-FA48-4F06-B99D-AD9548EF060D}.Debug|x86.ActiveCfg = Debug|Any CPU
		{F1683A2D-FA48-4F06-B99D-AD9548EF060D}.Debug|x86.Build.0 = Debug|Any CPU
		{F1683A2D-FA48-4F06-B99D-AD9548EF060D}.Release|Any CPU.ActiveCfg = Release|Any CPU
		{F1683A2D-FA48-4F06-B99D-AD9548EF060D}.Release|Any CPU.Build.0 = Release|Any CPU
		{F1683A2D-FA48-4F06-B99D-AD9548EF060D}.Release|x64.ActiveCfg = Release|Any CPU
		{F1683A2D-FA48-4F06-B99D-AD9548EF060D}.Release|x64.Build.0 = Release|Any CPU
		{F1683A2D-FA48-4F06-B99D-AD9548EF060D}.Release|x86.ActiveCfg = Release|Any CPU
		{F1683A2D-FA48-4F06-B99D-AD9548EF060D}.Release|x86.Build.0 = Release|Any CPU
		{26B4308D-3AC5-DB9D-4FCC-08761FD9E25D}.Debug|Any CPU.ActiveCfg = Debug|Any CPU
		{26B4308D-3AC5-DB9D-4FCC-08761FD9E25D}.Debug|Any CPU.Build.0 = Debug|Any CPU
		{26B4308D-3AC5-DB9D-4FCC-08761FD9E25D}.Debug|x64.ActiveCfg = Debug|Any CPU
		{26B4308D-3AC5-DB9D-4FCC-08761FD9E25D}.Debug|x64.Build.0 = Debug|Any CPU
		{26B4308D-3AC5-DB9D-4FCC-08761FD9E25D}.Debug|x86.ActiveCfg = Debug|Any CPU
		{26B4308D-3AC5-DB9D-4FCC-08761FD9E25D}.Debug|x86.Build.0 = Debug|Any CPU
		{26B4308D-3AC5-DB9D-4FCC-08761FD9E25D}.Release|Any CPU.ActiveCfg = Release|Any CPU
		{26B4308D-3AC5-DB9D-4FCC-08761FD9E25D}.Release|Any CPU.Build.0 = Release|Any CPU
		{26B4308D-3AC5-DB9D-4FCC-08761FD9E25D}.Release|x64.ActiveCfg = Release|Any CPU
		{26B4308D-3AC5-DB9D-4FCC-08761FD9E25D}.Release|x64.Build.0 = Release|Any CPU
		{26B4308D-3AC5-DB9D-4FCC-08761FD9E25D}.Release|x86.ActiveCfg = Release|Any CPU
		{26B4308D-3AC5-DB9D-4FCC-08761FD9E25D}.Release|x86.Build.0 = Release|Any CPU
		{1E66F9B8-2F53-49AC-FDE8-159A5AF78846}.Debug|Any CPU.ActiveCfg = Debug|Any CPU
		{1E66F9B8-2F53-49AC-FDE8-159A5AF78846}.Debug|Any CPU.Build.0 = Debug|Any CPU
		{1E66F9B8-2F53-49AC-FDE8-159A5AF78846}.Debug|x64.ActiveCfg = Debug|Any CPU
		{1E66F9B8-2F53-49AC-FDE8-159A5AF78846}.Debug|x64.Build.0 = Debug|Any CPU
		{1E66F9B8-2F53-49AC-FDE8-159A5AF78846}.Debug|x86.ActiveCfg = Debug|Any CPU
		{1E66F9B8-2F53-49AC-FDE8-159A5AF78846}.Debug|x86.Build.0 = Debug|Any CPU
		{1E66F9B8-2F53-49AC-FDE8-159A5AF78846}.Release|Any CPU.ActiveCfg = Release|Any CPU
		{1E66F9B8-2F53-49AC-FDE8-159A5AF78846}.Release|Any CPU.Build.0 = Release|Any CPU
		{1E66F9B8-2F53-49AC-FDE8-159A5AF78846}.Release|x64.ActiveCfg = Release|Any CPU
		{1E66F9B8-2F53-49AC-FDE8-159A5AF78846}.Release|x64.Build.0 = Release|Any CPU
		{1E66F9B8-2F53-49AC-FDE8-159A5AF78846}.Release|x86.ActiveCfg = Release|Any CPU
		{1E66F9B8-2F53-49AC-FDE8-159A5AF78846}.Release|x86.Build.0 = Release|Any CPU
		{EA37AAED-D05E-A539-F096-B6520032CFD7}.Debug|Any CPU.ActiveCfg = Debug|Any CPU
		{EA37AAED-D05E-A539-F096-B6520032CFD7}.Debug|Any CPU.Build.0 = Debug|Any CPU
		{EA37AAED-D05E-A539-F096-B6520032CFD7}.Debug|x64.ActiveCfg = Debug|Any CPU
		{EA37AAED-D05E-A539-F096-B6520032CFD7}.Debug|x64.Build.0 = Debug|Any CPU
		{EA37AAED-D05E-A539-F096-B6520032CFD7}.Debug|x86.ActiveCfg = Debug|Any CPU
		{EA37AAED-D05E-A539-F096-B6520032CFD7}.Debug|x86.Build.0 = Debug|Any CPU
		{EA37AAED-D05E-A539-F096-B6520032CFD7}.Release|Any CPU.ActiveCfg = Release|Any CPU
		{EA37AAED-D05E-A539-F096-B6520032CFD7}.Release|Any CPU.Build.0 = Release|Any CPU
		{EA37AAED-D05E-A539-F096-B6520032CFD7}.Release|x64.ActiveCfg = Release|Any CPU
		{EA37AAED-D05E-A539-F096-B6520032CFD7}.Release|x64.Build.0 = Release|Any CPU
		{EA37AAED-D05E-A539-F096-B6520032CFD7}.Release|x86.ActiveCfg = Release|Any CPU
		{EA37AAED-D05E-A539-F096-B6520032CFD7}.Release|x86.Build.0 = Release|Any CPU
		{F9C82F6A-8725-6A10-C3AF-73406DCD1A61}.Debug|Any CPU.ActiveCfg = Debug|Any CPU
		{F9C82F6A-8725-6A10-C3AF-73406DCD1A61}.Debug|Any CPU.Build.0 = Debug|Any CPU
		{F9C82F6A-8725-6A10-C3AF-73406DCD1A61}.Debug|x64.ActiveCfg = Debug|Any CPU
		{F9C82F6A-8725-6A10-C3AF-73406DCD1A61}.Debug|x64.Build.0 = Debug|Any CPU
		{F9C82F6A-8725-6A10-C3AF-73406DCD1A61}.Debug|x86.ActiveCfg = Debug|Any CPU
		{F9C82F6A-8725-6A10-C3AF-73406DCD1A61}.Debug|x86.Build.0 = Debug|Any CPU
		{F9C82F6A-8725-6A10-C3AF-73406DCD1A61}.Release|Any CPU.ActiveCfg = Release|Any CPU
		{F9C82F6A-8725-6A10-C3AF-73406DCD1A61}.Release|Any CPU.Build.0 = Release|Any CPU
		{F9C82F6A-8725-6A10-C3AF-73406DCD1A61}.Release|x64.ActiveCfg = Release|Any CPU
		{F9C82F6A-8725-6A10-C3AF-73406DCD1A61}.Release|x64.Build.0 = Release|Any CPU
		{F9C82F6A-8725-6A10-C3AF-73406DCD1A61}.Release|x86.ActiveCfg = Release|Any CPU
		{F9C82F6A-8725-6A10-C3AF-73406DCD1A61}.Release|x86.Build.0 = Release|Any CPU
		{4D671E6F-6506-E8CF-CBA6-5911C5CD9F13}.Debug|Any CPU.ActiveCfg = Debug|Any CPU
		{4D671E6F-6506-E8CF-CBA6-5911C5CD9F13}.Debug|Any CPU.Build.0 = Debug|Any CPU
		{4D671E6F-6506-E8CF-CBA6-5911C5CD9F13}.Debug|x64.ActiveCfg = Debug|Any CPU
		{4D671E6F-6506-E8CF-CBA6-5911C5CD9F13}.Debug|x64.Build.0 = Debug|Any CPU
		{4D671E6F-6506-E8CF-CBA6-5911C5CD9F13}.Debug|x86.ActiveCfg = Debug|Any CPU
		{4D671E6F-6506-E8CF-CBA6-5911C5CD9F13}.Debug|x86.Build.0 = Debug|Any CPU
		{4D671E6F-6506-E8CF-CBA6-5911C5CD9F13}.Release|Any CPU.ActiveCfg = Release|Any CPU
		{4D671E6F-6506-E8CF-CBA6-5911C5CD9F13}.Release|Any CPU.Build.0 = Release|Any CPU
		{4D671E6F-6506-E8CF-CBA6-5911C5CD9F13}.Release|x64.ActiveCfg = Release|Any CPU
		{4D671E6F-6506-E8CF-CBA6-5911C5CD9F13}.Release|x64.Build.0 = Release|Any CPU
		{4D671E6F-6506-E8CF-CBA6-5911C5CD9F13}.Release|x86.ActiveCfg = Release|Any CPU
		{4D671E6F-6506-E8CF-CBA6-5911C5CD9F13}.Release|x86.Build.0 = Release|Any CPU
		{D76B3773-11D5-29DF-EBD7-99D84BB3C80C}.Debug|Any CPU.ActiveCfg = Debug|Any CPU
		{D76B3773-11D5-29DF-EBD7-99D84BB3C80C}.Debug|Any CPU.Build.0 = Debug|Any CPU
		{D76B3773-11D5-29DF-EBD7-99D84BB3C80C}.Debug|x64.ActiveCfg = Debug|Any CPU
		{D76B3773-11D5-29DF-EBD7-99D84BB3C80C}.Debug|x64.Build.0 = Debug|Any CPU
		{D76B3773-11D5-29DF-EBD7-99D84BB3C80C}.Debug|x86.ActiveCfg = Debug|Any CPU
		{D76B3773-11D5-29DF-EBD7-99D84BB3C80C}.Debug|x86.Build.0 = Debug|Any CPU
		{D76B3773-11D5-29DF-EBD7-99D84BB3C80C}.Release|Any CPU.ActiveCfg = Release|Any CPU
		{D76B3773-11D5-29DF-EBD7-99D84BB3C80C}.Release|Any CPU.Build.0 = Release|Any CPU
		{D76B3773-11D5-29DF-EBD7-99D84BB3C80C}.Release|x64.ActiveCfg = Release|Any CPU
		{D76B3773-11D5-29DF-EBD7-99D84BB3C80C}.Release|x64.Build.0 = Release|Any CPU
		{D76B3773-11D5-29DF-EBD7-99D84BB3C80C}.Release|x86.ActiveCfg = Release|Any CPU
		{D76B3773-11D5-29DF-EBD7-99D84BB3C80C}.Release|x86.Build.0 = Release|Any CPU
		{F456A37A-FB18-33FB-40FC-C92D045BC1E7}.Debug|Any CPU.ActiveCfg = Debug|Any CPU
		{F456A37A-FB18-33FB-40FC-C92D045BC1E7}.Debug|Any CPU.Build.0 = Debug|Any CPU
		{F456A37A-FB18-33FB-40FC-C92D045BC1E7}.Debug|x64.ActiveCfg = Debug|Any CPU
		{F456A37A-FB18-33FB-40FC-C92D045BC1E7}.Debug|x64.Build.0 = Debug|Any CPU
		{F456A37A-FB18-33FB-40FC-C92D045BC1E7}.Debug|x86.ActiveCfg = Debug|Any CPU
		{F456A37A-FB18-33FB-40FC-C92D045BC1E7}.Debug|x86.Build.0 = Debug|Any CPU
		{F456A37A-FB18-33FB-40FC-C92D045BC1E7}.Release|Any CPU.ActiveCfg = Release|Any CPU
		{F456A37A-FB18-33FB-40FC-C92D045BC1E7}.Release|Any CPU.Build.0 = Release|Any CPU
		{F456A37A-FB18-33FB-40FC-C92D045BC1E7}.Release|x64.ActiveCfg = Release|Any CPU
		{F456A37A-FB18-33FB-40FC-C92D045BC1E7}.Release|x64.Build.0 = Release|Any CPU
		{F456A37A-FB18-33FB-40FC-C92D045BC1E7}.Release|x86.ActiveCfg = Release|Any CPU
		{F456A37A-FB18-33FB-40FC-C92D045BC1E7}.Release|x86.Build.0 = Release|Any CPU
		{BB22B7F8-F048-329D-E4E2-1A84DA3DFB87}.Debug|Any CPU.ActiveCfg = Debug|Any CPU
		{BB22B7F8-F048-329D-E4E2-1A84DA3DFB87}.Debug|Any CPU.Build.0 = Debug|Any CPU
		{BB22B7F8-F048-329D-E4E2-1A84DA3DFB87}.Debug|x64.ActiveCfg = Debug|Any CPU
		{BB22B7F8-F048-329D-E4E2-1A84DA3DFB87}.Debug|x64.Build.0 = Debug|Any CPU
		{BB22B7F8-F048-329D-E4E2-1A84DA3DFB87}.Debug|x86.ActiveCfg = Debug|Any CPU
		{BB22B7F8-F048-329D-E4E2-1A84DA3DFB87}.Debug|x86.Build.0 = Debug|Any CPU
		{BB22B7F8-F048-329D-E4E2-1A84DA3DFB87}.Release|Any CPU.ActiveCfg = Release|Any CPU
		{BB22B7F8-F048-329D-E4E2-1A84DA3DFB87}.Release|Any CPU.Build.0 = Release|Any CPU
		{BB22B7F8-F048-329D-E4E2-1A84DA3DFB87}.Release|x64.ActiveCfg = Release|Any CPU
		{BB22B7F8-F048-329D-E4E2-1A84DA3DFB87}.Release|x64.Build.0 = Release|Any CPU
		{BB22B7F8-F048-329D-E4E2-1A84DA3DFB87}.Release|x86.ActiveCfg = Release|Any CPU
		{BB22B7F8-F048-329D-E4E2-1A84DA3DFB87}.Release|x86.Build.0 = Release|Any CPU
		{D342ADD5-87D9-EDE5-BA69-BFD1288A44AE}.Debug|Any CPU.ActiveCfg = Debug|Any CPU
		{D342ADD5-87D9-EDE5-BA69-BFD1288A44AE}.Debug|Any CPU.Build.0 = Debug|Any CPU
		{D342ADD5-87D9-EDE5-BA69-BFD1288A44AE}.Debug|x64.ActiveCfg = Debug|Any CPU
		{D342ADD5-87D9-EDE5-BA69-BFD1288A44AE}.Debug|x64.Build.0 = Debug|Any CPU
		{D342ADD5-87D9-EDE5-BA69-BFD1288A44AE}.Debug|x86.ActiveCfg = Debug|Any CPU
		{D342ADD5-87D9-EDE5-BA69-BFD1288A44AE}.Debug|x86.Build.0 = Debug|Any CPU
		{D342ADD5-87D9-EDE5-BA69-BFD1288A44AE}.Release|Any CPU.ActiveCfg = Release|Any CPU
		{D342ADD5-87D9-EDE5-BA69-BFD1288A44AE}.Release|Any CPU.Build.0 = Release|Any CPU
		{D342ADD5-87D9-EDE5-BA69-BFD1288A44AE}.Release|x64.ActiveCfg = Release|Any CPU
		{D342ADD5-87D9-EDE5-BA69-BFD1288A44AE}.Release|x64.Build.0 = Release|Any CPU
		{D342ADD5-87D9-EDE5-BA69-BFD1288A44AE}.Release|x86.ActiveCfg = Release|Any CPU
		{D342ADD5-87D9-EDE5-BA69-BFD1288A44AE}.Release|x86.Build.0 = Release|Any CPU
		{A7806838-171C-4A21-19DD-FF4881BDA87A}.Debug|Any CPU.ActiveCfg = Debug|Any CPU
		{A7806838-171C-4A21-19DD-FF4881BDA87A}.Debug|Any CPU.Build.0 = Debug|Any CPU
		{A7806838-171C-4A21-19DD-FF4881BDA87A}.Debug|x64.ActiveCfg = Debug|Any CPU
		{A7806838-171C-4A21-19DD-FF4881BDA87A}.Debug|x64.Build.0 = Debug|Any CPU
		{A7806838-171C-4A21-19DD-FF4881BDA87A}.Debug|x86.ActiveCfg = Debug|Any CPU
		{A7806838-171C-4A21-19DD-FF4881BDA87A}.Debug|x86.Build.0 = Debug|Any CPU
		{A7806838-171C-4A21-19DD-FF4881BDA87A}.Release|Any CPU.ActiveCfg = Release|Any CPU
		{A7806838-171C-4A21-19DD-FF4881BDA87A}.Release|Any CPU.Build.0 = Release|Any CPU
		{A7806838-171C-4A21-19DD-FF4881BDA87A}.Release|x64.ActiveCfg = Release|Any CPU
		{A7806838-171C-4A21-19DD-FF4881BDA87A}.Release|x64.Build.0 = Release|Any CPU
		{A7806838-171C-4A21-19DD-FF4881BDA87A}.Release|x86.ActiveCfg = Release|Any CPU
		{A7806838-171C-4A21-19DD-FF4881BDA87A}.Release|x86.Build.0 = Release|Any CPU
		{16DB79F7-D876-3AC6-644B-7F2A53EA72E1}.Debug|Any CPU.ActiveCfg = Debug|Any CPU
		{16DB79F7-D876-3AC6-644B-7F2A53EA72E1}.Debug|Any CPU.Build.0 = Debug|Any CPU
		{16DB79F7-D876-3AC6-644B-7F2A53EA72E1}.Debug|x64.ActiveCfg = Debug|Any CPU
		{16DB79F7-D876-3AC6-644B-7F2A53EA72E1}.Debug|x64.Build.0 = Debug|Any CPU
		{16DB79F7-D876-3AC6-644B-7F2A53EA72E1}.Debug|x86.ActiveCfg = Debug|Any CPU
		{16DB79F7-D876-3AC6-644B-7F2A53EA72E1}.Debug|x86.Build.0 = Debug|Any CPU
		{16DB79F7-D876-3AC6-644B-7F2A53EA72E1}.Release|Any CPU.ActiveCfg = Release|Any CPU
		{16DB79F7-D876-3AC6-644B-7F2A53EA72E1}.Release|Any CPU.Build.0 = Release|Any CPU
		{16DB79F7-D876-3AC6-644B-7F2A53EA72E1}.Release|x64.ActiveCfg = Release|Any CPU
		{16DB79F7-D876-3AC6-644B-7F2A53EA72E1}.Release|x64.Build.0 = Release|Any CPU
		{16DB79F7-D876-3AC6-644B-7F2A53EA72E1}.Release|x86.ActiveCfg = Release|Any CPU
		{16DB79F7-D876-3AC6-644B-7F2A53EA72E1}.Release|x86.Build.0 = Release|Any CPU
		{D6FABA52-2524-2BA9-62DC-C53CF5F70ACA}.Debug|Any CPU.ActiveCfg = Debug|Any CPU
		{D6FABA52-2524-2BA9-62DC-C53CF5F70ACA}.Debug|Any CPU.Build.0 = Debug|Any CPU
		{D6FABA52-2524-2BA9-62DC-C53CF5F70ACA}.Debug|x64.ActiveCfg = Debug|Any CPU
		{D6FABA52-2524-2BA9-62DC-C53CF5F70ACA}.Debug|x64.Build.0 = Debug|Any CPU
		{D6FABA52-2524-2BA9-62DC-C53CF5F70ACA}.Debug|x86.ActiveCfg = Debug|Any CPU
		{D6FABA52-2524-2BA9-62DC-C53CF5F70ACA}.Debug|x86.Build.0 = Debug|Any CPU
		{D6FABA52-2524-2BA9-62DC-C53CF5F70ACA}.Release|Any CPU.ActiveCfg = Release|Any CPU
		{D6FABA52-2524-2BA9-62DC-C53CF5F70ACA}.Release|Any CPU.Build.0 = Release|Any CPU
		{D6FABA52-2524-2BA9-62DC-C53CF5F70ACA}.Release|x64.ActiveCfg = Release|Any CPU
		{D6FABA52-2524-2BA9-62DC-C53CF5F70ACA}.Release|x64.Build.0 = Release|Any CPU
		{D6FABA52-2524-2BA9-62DC-C53CF5F70ACA}.Release|x86.ActiveCfg = Release|Any CPU
		{D6FABA52-2524-2BA9-62DC-C53CF5F70ACA}.Release|x86.Build.0 = Release|Any CPU
	EndGlobalSection
	GlobalSection(SolutionProperties) = preSolution
		HideSolutionNode = FALSE
	EndGlobalSection
	GlobalSection(NestedProjects) = preSolution
		{26B4308D-3AC5-DB9D-4FCC-08761FD9E25D} = {8AB54424-C8DA-4B64-B84C-8E696D7939C7}
		{1E66F9B8-2F53-49AC-FDE8-159A5AF78846} = {B0CA25E1-04AB-4C66-93B8-21DDF6CC996F}
		{EA37AAED-D05E-A539-F096-B6520032CFD7} = {B0CA25E1-04AB-4C66-93B8-21DDF6CC996F}
		{F9C82F6A-8725-6A10-C3AF-73406DCD1A61} = {B0CA25E1-04AB-4C66-93B8-21DDF6CC996F}
		{4D671E6F-6506-E8CF-CBA6-5911C5CD9F13} = {D788FF84-82DF-4509-B556-46D803D8D854}
		{D76B3773-11D5-29DF-EBD7-99D84BB3C80C} = {D788FF84-82DF-4509-B556-46D803D8D854}
		{F456A37A-FB18-33FB-40FC-C92D045BC1E7} = {D788FF84-82DF-4509-B556-46D803D8D854}
		{BB22B7F8-F048-329D-E4E2-1A84DA3DFB87} = {D788FF84-82DF-4509-B556-46D803D8D854}
		{D342ADD5-87D9-EDE5-BA69-BFD1288A44AE} = {D788FF84-82DF-4509-B556-46D803D8D854}
		{A7806838-171C-4A21-19DD-FF4881BDA87A} = {57A6F6E6-F2AF-4FB1-95A0-B2535480947B}
		{D6FABA52-2524-2BA9-62DC-C53CF5F70ACA} = {81668B5E-0334-4CFF-AEA3-60E037A1008D}
	EndGlobalSection
	GlobalSection(ExtensibilityGlobals) = postSolution
		SolutionGuid = {5078C553-A1C2-42BD-9F21-BCDE0A70B225}
	EndGlobalSection
EndGlobal
